{
  "name": "harlige-benkes-pizza",
  "version": "0.2.0",
  "lockfileVersion": 3,
  "requires": true,
  "packages": {
    "": {
      "name": "harlige-benkes-pizza",
      "version": "0.2.0",
      "dependencies": {
        "@vitejs/plugin-react": "file:vendor/plugin-react",
        "react": "file:vendor/react",
        "react-dom": "file:vendor/react-dom",
        "vite": "file:vendor/vite"
      },
      "devDependencies": {}
    },
    "node_modules/@vitejs/plugin-react": {
      "resolved": "vendor/plugin-react",
      "link": true
    },
    "node_modules/react": {
      "resolved": "vendor/react",
      "link": true
    },
    "node_modules/react-dom": {
      "resolved": "vendor/react-dom",
      "link": true
    },
    "node_modules/vite": {
      "resolved": "vendor/vite",
      "link": true
    },
    "vendor/plugin-react": {
      "name": "@vitejs/plugin-react",
      "version": "4.3.4-local"
    },
    "vendor/react": {
      "version": "19.0.0-local"
    },
    "vendor/react-dom": {
      "version": "19.0.0-local",
      "dependencies": {
        "react": "file:../react"
      }
    },
    "vendor/vite": {
      "version": "6.1.0-local",
      "bin": {
        "vite": "cli.js"
      }
    }
  }
}
